{
  "name": "meta-harness-platform-ko-instant-starter",
  "version": "1.4.0-instant-devcontainer",
  "lockfileVersion": 3,
  "requires": true,
  "packages": {
    "": {
      "name": "meta-harness-platform-ko-instant-starter",
      "version": "1.4.0-instant-devcontainer",
      "bin": {
        "mh": "bin/mh.mjs"
      },
      "engines": {
        "node": ">=20.0.0"
      }
    }
  }
}
